// !$*UTF8*$!
{
	archiveVersion = 1;
	classes = {
	};
	objectVersion = 50;
	objects = {

/* Begin PBXBuildFile section */
		A30732A7249FB65D00D5BAA5 /* MainContract.swift in Sources */ = {isa = PBXBuildFile; fileRef = A30732A6249FB65D00D5BAA5 /* MainContract.swift */; };
		A30732A9249FB69400D5BAA5 /* MainView.swift in Sources */ = {isa = PBXBuildFile; fileRef = A30732A8249FB69400D5BAA5 /* MainView.swift */; };
		A30C91DD2461FE0700CCDF5E /* VAKitLayoutSubviewsAddTests.swift in Sources */ = {isa = PBXBuildFile; fileRef = A30C91DC2461FE0700CCDF5E /* VAKitLayoutSubviewsAddTests.swift */; };
		A31BD37F24995A1E003A1743 /* VAConstraintable.swift in Sources */ = {isa = PBXBuildFile; fileRef = A31BD37E24995A1E003A1743 /* VAConstraintable.swift */; };
		A321E2A724700BFD00173F6E /* VAKitLayoutDeviceIdentifierTests.swift in Sources */ = {isa = PBXBuildFile; fileRef = A321E2A624700BFD00173F6E /* VAKitLayoutDeviceIdentifierTests.swift */; };
		A33E49EA2492C74E00E73CAB /* VAViewController.swift in Sources */ = {isa = PBXBuildFile; fileRef = A33E49E92492C74E00E73CAB /* VAViewController.swift */; };
		A346312A2479332F00B8902F /* VAKitLayoutSuperConstraintsTests.swift in Sources */ = {isa = PBXBuildFile; fileRef = A34631292479332F00B8902F /* VAKitLayoutSuperConstraintsTests.swift */; };
		A346312C247933E500B8902F /* VAKitLayoutTestsSupport.swift in Sources */ = {isa = PBXBuildFile; fileRef = A346312B247933E500B8902F /* VAKitLayoutTestsSupport.swift */; };
		A34DB93D24940C11009D342C /* IPhoneAnySizeDifferentPortraitLandscapeSize.swift in Sources */ = {isa = PBXBuildFile; fileRef = A34DB93C24940C11009D342C /* IPhoneAnySizeDifferentPortraitLandscapeSize.swift */; };
		A34DB93F2494D530009D342C /* VAView.swift in Sources */ = {isa = PBXBuildFile; fileRef = A34DB93E2494D530009D342C /* VAView.swift */; };
		A373E9B1249D34F9002502EF /* Coordinator.swift in Sources */ = {isa = PBXBuildFile; fileRef = A373E9B0249D34F9002502EF /* Coordinator.swift */; };
		A37AC340248EC5330080E6B0 /* VAKitConfigurableTests.swift in Sources */ = {isa = PBXBuildFile; fileRef = A37AC33F248EC5330080E6B0 /* VAKitConfigurableTests.swift */; };
		A37AC341248EC54E0080E6B0 /* Configurable.swift in Sources */ = {isa = PBXBuildFile; fileRef = A38A1428248D540000E0D6C2 /* Configurable.swift */; };
		A37AC342248EC54E0080E6B0 /* VAIdentifiable.swift in Sources */ = {isa = PBXBuildFile; fileRef = A38A142B248D554500E0D6C2 /* VAIdentifiable.swift */; };
		A37AC343248EC54E0080E6B0 /* TableCellConfigurable.swift in Sources */ = {isa = PBXBuildFile; fileRef = A38A142D248D561200E0D6C2 /* TableCellConfigurable.swift */; };
		A37AC345248EC57E0080E6B0 /* VAKitVAIdentifiableTests.swift in Sources */ = {isa = PBXBuildFile; fileRef = A37AC344248EC57E0080E6B0 /* VAKitVAIdentifiableTests.swift */; };
		A37AC347248EC95F0080E6B0 /* TableSourceDelegate.swift in Sources */ = {isa = PBXBuildFile; fileRef = A37AC346248EC95F0080E6B0 /* TableSourceDelegate.swift */; };
		A37AC349248ECC1C0080E6B0 /* UITableView+Dequeue.swift in Sources */ = {isa = PBXBuildFile; fileRef = A37AC348248ECC1C0080E6B0 /* UITableView+Dequeue.swift */; };
		A38A1429248D540000E0D6C2 /* Configurable.swift in Sources */ = {isa = PBXBuildFile; fileRef = A38A1428248D540000E0D6C2 /* Configurable.swift */; };
		A38A142C248D554500E0D6C2 /* VAIdentifiable.swift in Sources */ = {isa = PBXBuildFile; fileRef = A38A142B248D554500E0D6C2 /* VAIdentifiable.swift */; };
		A38A142E248D561200E0D6C2 /* TableCellConfigurable.swift in Sources */ = {isa = PBXBuildFile; fileRef = A38A142D248D561200E0D6C2 /* TableCellConfigurable.swift */; };
		A39E121F245DEFB2005AA87C /* AppDelegate.swift in Sources */ = {isa = PBXBuildFile; fileRef = A39E121E245DEFB2005AA87C /* AppDelegate.swift */; };
		A39E1228245DEFB6005AA87C /* Assets.xcassets in Resources */ = {isa = PBXBuildFile; fileRef = A39E1227245DEFB6005AA87C /* Assets.xcassets */; };
		A39E122B245DEFB6005AA87C /* LaunchScreen.storyboard in Resources */ = {isa = PBXBuildFile; fileRef = A39E1229245DEFB6005AA87C /* LaunchScreen.storyboard */; };
		A3B201E5246489600083EFE1 /* VAKitLayoutSizeConstraintsTests.swift in Sources */ = {isa = PBXBuildFile; fileRef = A3B201E4246489600083EFE1 /* VAKitLayoutSizeConstraintsTests.swift */; };
		A3BAA6AB249E31B30042403A /* MainViewController.swift in Sources */ = {isa = PBXBuildFile; fileRef = A3BAA6AA249E31B30042403A /* MainViewController.swift */; };
		A3BAA6AD249E32BB0042403A /* String.swift in Sources */ = {isa = PBXBuildFile; fileRef = A3BAA6AC249E32BB0042403A /* String.swift */; };
		A3BAA6B0249E33490042403A /* MainTableCell.swift in Sources */ = {isa = PBXBuildFile; fileRef = A3BAA6AF249E33490042403A /* MainTableCell.swift */; };
		A3BAA6B2249E35930042403A /* MainTableCellEntity.swift in Sources */ = {isa = PBXBuildFile; fileRef = A3BAA6B1249E35930042403A /* MainTableCellEntity.swift */; };
		A3C73057248C0971003F7220 /* RootCoordinator.swift in Sources */ = {isa = PBXBuildFile; fileRef = A3C73056248C0971003F7220 /* RootCoordinator.swift */; };
		A3F5368124744DE1006258D0 /* VAKitLayoutVADeviceTests.swift in Sources */ = {isa = PBXBuildFile; fileRef = A3F5368024744DE1006258D0 /* VAKitLayoutVADeviceTests.swift */; };
		A3F7666024730F6300F54775 /* UIView+Layout.swift in Sources */ = {isa = PBXBuildFile; fileRef = A3F7665F24730F6300F54775 /* UIView+Layout.swift */; };
		A3F766622473100400F54775 /* UIView+Layout.swift in Sources */ = {isa = PBXBuildFile; fileRef = A3F7665F24730F6300F54775 /* UIView+Layout.swift */; };
/* End PBXBuildFile section */

/* Begin PBXContainerItemProxy section */
		A30C91D72461FD5C00CCDF5E /* PBXContainerItemProxy */ = {
			isa = PBXContainerItemProxy;
			containerPortal = A39E1213245DEFB2005AA87C /* Project object */;
			proxyType = 1;
			remoteGlobalIDString = A39E121A245DEFB2005AA87C;
			remoteInfo = VAKitStoryboardExamples;
		};
/* End PBXContainerItemProxy section */

/* Begin PBXFileReference section */
		A30732A6249FB65D00D5BAA5 /* MainContract.swift */ = {isa = PBXFileReference; lastKnownFileType = sourcecode.swift; path = MainContract.swift; sourceTree = "<group>"; };
		A30732A8249FB69400D5BAA5 /* MainView.swift */ = {isa = PBXFileReference; lastKnownFileType = sourcecode.swift; path = MainView.swift; sourceTree = "<group>"; };
		A30C91D22461FD5C00CCDF5E /* VAKitStoryboardExamplesTests.xctest */ = {isa = PBXFileReference; explicitFileType = wrapper.cfbundle; includeInIndex = 0; path = VAKitStoryboardExamplesTests.xctest; sourceTree = BUILT_PRODUCTS_DIR; };
		A30C91D62461FD5C00CCDF5E /* Info.plist */ = {isa = PBXFileReference; lastKnownFileType = text.plist.xml; path = Info.plist; sourceTree = "<group>"; };
		A30C91DC2461FE0700CCDF5E /* VAKitLayoutSubviewsAddTests.swift */ = {isa = PBXFileReference; lastKnownFileType = sourcecode.swift; path = VAKitLayoutSubviewsAddTests.swift; sourceTree = "<group>"; };
		A31BD37E24995A1E003A1743 /* VAConstraintable.swift */ = {isa = PBXFileReference; lastKnownFileType = sourcecode.swift; path = VAConstraintable.swift; sourceTree = "<group>"; };
		A321E2A624700BFD00173F6E /* VAKitLayoutDeviceIdentifierTests.swift */ = {isa = PBXFileReference; lastKnownFileType = sourcecode.swift; path = VAKitLayoutDeviceIdentifierTests.swift; sourceTree = "<group>"; };
		A33E49E92492C74E00E73CAB /* VAViewController.swift */ = {isa = PBXFileReference; lastKnownFileType = sourcecode.swift; path = VAViewController.swift; sourceTree = "<group>"; };
		A34631292479332F00B8902F /* VAKitLayoutSuperConstraintsTests.swift */ = {isa = PBXFileReference; lastKnownFileType = sourcecode.swift; path = VAKitLayoutSuperConstraintsTests.swift; sourceTree = "<group>"; };
		A346312B247933E500B8902F /* VAKitLayoutTestsSupport.swift */ = {isa = PBXFileReference; lastKnownFileType = sourcecode.swift; path = VAKitLayoutTestsSupport.swift; sourceTree = "<group>"; };
		A34DB93C24940C11009D342C /* IPhoneAnySizeDifferentPortraitLandscapeSize.swift */ = {isa = PBXFileReference; lastKnownFileType = sourcecode.swift; path = IPhoneAnySizeDifferentPortraitLandscapeSize.swift; sourceTree = "<group>"; };
		A34DB93E2494D530009D342C /* VAView.swift */ = {isa = PBXFileReference; lastKnownFileType = sourcecode.swift; path = VAView.swift; sourceTree = "<group>"; };
		A373E9B0249D34F9002502EF /* Coordinator.swift */ = {isa = PBXFileReference; lastKnownFileType = sourcecode.swift; path = Coordinator.swift; sourceTree = "<group>"; };
		A37AC33F248EC5330080E6B0 /* VAKitConfigurableTests.swift */ = {isa = PBXFileReference; lastKnownFileType = sourcecode.swift; path = VAKitConfigurableTests.swift; sourceTree = "<group>"; };
		A37AC344248EC57E0080E6B0 /* VAKitVAIdentifiableTests.swift */ = {isa = PBXFileReference; lastKnownFileType = sourcecode.swift; path = VAKitVAIdentifiableTests.swift; sourceTree = "<group>"; };
		A37AC346248EC95F0080E6B0 /* TableSourceDelegate.swift */ = {isa = PBXFileReference; lastKnownFileType = sourcecode.swift; path = TableSourceDelegate.swift; sourceTree = "<group>"; };
		A37AC348248ECC1C0080E6B0 /* UITableView+Dequeue.swift */ = {isa = PBXFileReference; lastKnownFileType = sourcecode.swift; path = "UITableView+Dequeue.swift"; sourceTree = "<group>"; };
		A38A1428248D540000E0D6C2 /* Configurable.swift */ = {isa = PBXFileReference; fileEncoding = 4; lastKnownFileType = sourcecode.swift; name = Configurable.swift; path = ../../VAKit/Generic/Configurable.swift; sourceTree = "<group>"; };
		A38A142B248D554500E0D6C2 /* VAIdentifiable.swift */ = {isa = PBXFileReference; lastKnownFileType = sourcecode.swift; name = VAIdentifiable.swift; path = ../../VAKit/Generic/VAIdentifiable.swift; sourceTree = "<group>"; };
		A38A142D248D561200E0D6C2 /* TableCellConfigurable.swift */ = {isa = PBXFileReference; lastKnownFileType = sourcecode.swift; path = TableCellConfigurable.swift; sourceTree = "<group>"; };
		A39E121B245DEFB2005AA87C /* VAKitStoryboardExamples.app */ = {isa = PBXFileReference; explicitFileType = wrapper.application; includeInIndex = 0; path = VAKitStoryboardExamples.app; sourceTree = BUILT_PRODUCTS_DIR; };
		A39E121E245DEFB2005AA87C /* AppDelegate.swift */ = {isa = PBXFileReference; lastKnownFileType = sourcecode.swift; path = AppDelegate.swift; sourceTree = "<group>"; };
		A39E1227245DEFB6005AA87C /* Assets.xcassets */ = {isa = PBXFileReference; lastKnownFileType = folder.assetcatalog; path = Assets.xcassets; sourceTree = "<group>"; };
		A39E122A245DEFB6005AA87C /* Base */ = {isa = PBXFileReference; lastKnownFileType = file.storyboard; name = Base; path = Base.lproj/LaunchScreen.storyboard; sourceTree = "<group>"; };
		A39E122C245DEFB6005AA87C /* Info.plist */ = {isa = PBXFileReference; lastKnownFileType = text.plist.xml; path = Info.plist; sourceTree = "<group>"; };
		A3B201E4246489600083EFE1 /* VAKitLayoutSizeConstraintsTests.swift */ = {isa = PBXFileReference; lastKnownFileType = sourcecode.swift; path = VAKitLayoutSizeConstraintsTests.swift; sourceTree = "<group>"; };
		A3BAA6AA249E31B30042403A /* MainViewController.swift */ = {isa = PBXFileReference; fileEncoding = 4; lastKnownFileType = sourcecode.swift; path = MainViewController.swift; sourceTree = "<group>"; };
		A3BAA6AC249E32BB0042403A /* String.swift */ = {isa = PBXFileReference; lastKnownFileType = sourcecode.swift; path = String.swift; sourceTree = "<group>"; };
		A3BAA6AF249E33490042403A /* MainTableCell.swift */ = {isa = PBXFileReference; lastKnownFileType = sourcecode.swift; path = MainTableCell.swift; sourceTree = "<group>"; };
		A3BAA6B1249E35930042403A /* MainTableCellEntity.swift */ = {isa = PBXFileReference; lastKnownFileType = sourcecode.swift; path = MainTableCellEntity.swift; sourceTree = "<group>"; };
		A3C73056248C0971003F7220 /* RootCoordinator.swift */ = {isa = PBXFileReference; lastKnownFileType = sourcecode.swift; path = RootCoordinator.swift; sourceTree = "<group>"; };
		A3F5368024744DE1006258D0 /* VAKitLayoutVADeviceTests.swift */ = {isa = PBXFileReference; lastKnownFileType = sourcecode.swift; path = VAKitLayoutVADeviceTests.swift; sourceTree = "<group>"; };
		A3F7665F24730F6300F54775 /* UIView+Layout.swift */ = {isa = PBXFileReference; fileEncoding = 4; lastKnownFileType = sourcecode.swift; name = "UIView+Layout.swift"; path = "../../VAKit/UI/UIView+Layout.swift"; sourceTree = "<group>"; };
/* End PBXFileReference section */

/* Begin PBXFrameworksBuildPhase section */
		A30C91CF2461FD5C00CCDF5E /* Frameworks */ = {
			isa = PBXFrameworksBuildPhase;
			buildActionMask = 2147483647;
			files = (
			);
			runOnlyForDeploymentPostprocessing = 0;
		};
		A39E1218245DEFB2005AA87C /* Frameworks */ = {
			isa = PBXFrameworksBuildPhase;
			buildActionMask = 2147483647;
			files = (
			);
			runOnlyForDeploymentPostprocessing = 0;
		};
/* End PBXFrameworksBuildPhase section */

/* Begin PBXGroup section */
		A30C91D32461FD5C00CCDF5E /* VAKitStoryboardExamplesTests */ = {
			isa = PBXGroup;
			children = (
				A37AC33E248EC50F0080E6B0 /* VAKItGeneric */,
				A37AC33D248EC4E80080E6B0 /* VAKitUI */,
				A30C91D62461FD5C00CCDF5E /* Info.plist */,
			);
			path = VAKitStoryboardExamplesTests;
			sourceTree = "<group>";
		};
		A332EA8C2460ACDF00C22AEE /* VAKit */ = {
			isa = PBXGroup;
			children = (
				A38A142A248D540700E0D6C2 /* Generic */,
				A332EA8F2460AD0A00C22AEE /* UI */,
			);
			name = VAKit;
			sourceTree = "<group>";
		};
		A332EA8F2460AD0A00C22AEE /* UI */ = {
			isa = PBXGroup;
			children = (
				A3F7665F24730F6300F54775 /* UIView+Layout.swift */,
				A37AC348248ECC1C0080E6B0 /* UITableView+Dequeue.swift */,
				A33E49E92492C74E00E73CAB /* VAViewController.swift */,
				A34DB93E2494D530009D342C /* VAView.swift */,
				A31BD37E24995A1E003A1743 /* VAConstraintable.swift */,
			);
			name = UI;
			sourceTree = "<group>";
		};
		A34E00E12490287000F64FAB /* TableCells */ = {
			isa = PBXGroup;
			children = (
				A3BAA6AE249E33200042403A /* Main */,
			);
			path = TableCells;
			sourceTree = "<group>";
		};
		A373E9AE249D34A5002502EF /* Controllers */ = {
			isa = PBXGroup;
			children = (
				A373E9B2249D3A1A002502EF /* Main */,
			);
			path = Controllers;
			sourceTree = "<group>";
		};
		A373E9AF249D34D2002502EF /* Coordinators */ = {
			isa = PBXGroup;
			children = (
				A373E9B0249D34F9002502EF /* Coordinator.swift */,
				A3C73056248C0971003F7220 /* RootCoordinator.swift */,
			);
			path = Coordinators;
			sourceTree = "<group>";
		};
		A373E9B2249D3A1A002502EF /* Main */ = {
			isa = PBXGroup;
			children = (
				A30732A6249FB65D00D5BAA5 /* MainContract.swift */,
				A30732A8249FB69400D5BAA5 /* MainView.swift */,
				A3BAA6AA249E31B30042403A /* MainViewController.swift */,
			);
			path = Main;
			sourceTree = "<group>";
		};
		A37AC33D248EC4E80080E6B0 /* VAKitUI */ = {
			isa = PBXGroup;
			children = (
				A30C91DC2461FE0700CCDF5E /* VAKitLayoutSubviewsAddTests.swift */,
				A321E2A624700BFD00173F6E /* VAKitLayoutDeviceIdentifierTests.swift */,
				A3F5368024744DE1006258D0 /* VAKitLayoutVADeviceTests.swift */,
				A3B201E4246489600083EFE1 /* VAKitLayoutSizeConstraintsTests.swift */,
				A34631292479332F00B8902F /* VAKitLayoutSuperConstraintsTests.swift */,
				A346312B247933E500B8902F /* VAKitLayoutTestsSupport.swift */,
			);
			name = VAKitUI;
			sourceTree = "<group>";
		};
		A37AC33E248EC50F0080E6B0 /* VAKItGeneric */ = {
			isa = PBXGroup;
			children = (
				A37AC33F248EC5330080E6B0 /* VAKitConfigurableTests.swift */,
				A37AC344248EC57E0080E6B0 /* VAKitVAIdentifiableTests.swift */,
			);
			name = VAKItGeneric;
			sourceTree = "<group>";
		};
		A38A142A248D540700E0D6C2 /* Generic */ = {
			isa = PBXGroup;
			children = (
				A38A1428248D540000E0D6C2 /* Configurable.swift */,
				A38A142B248D554500E0D6C2 /* VAIdentifiable.swift */,
				A38A142D248D561200E0D6C2 /* TableCellConfigurable.swift */,
				A37AC346248EC95F0080E6B0 /* TableSourceDelegate.swift */,
				A3BAA6AC249E32BB0042403A /* String.swift */,
			);
			name = Generic;
			sourceTree = "<group>";
		};
		A39E1212245DEFB2005AA87C = {
			isa = PBXGroup;
			children = (
				A39E121D245DEFB2005AA87C /* VAKitStoryboardExamples */,
				A30C91D32461FD5C00CCDF5E /* VAKitStoryboardExamplesTests */,
				A39E121C245DEFB2005AA87C /* Products */,
			);
			sourceTree = "<group>";
		};
		A39E121C245DEFB2005AA87C /* Products */ = {
			isa = PBXGroup;
			children = (
				A39E121B245DEFB2005AA87C /* VAKitStoryboardExamples.app */,
				A30C91D22461FD5C00CCDF5E /* VAKitStoryboardExamplesTests.xctest */,
			);
			name = Products;
			sourceTree = "<group>";
		};
		A39E121D245DEFB2005AA87C /* VAKitStoryboardExamples */ = {
			isa = PBXGroup;
			children = (
				A373E9AF249D34D2002502EF /* Coordinators */,
				A373E9AE249D34A5002502EF /* Controllers */,
				A34E00E12490287000F64FAB /* TableCells */,
				A34DB93C24940C11009D342C /* IPhoneAnySizeDifferentPortraitLandscapeSize.swift */,
				A332EA8C2460ACDF00C22AEE /* VAKit */,
				A3C73055248C0809003F7220 /* Supporting Files */,
			);
			path = VAKitStoryboardExamples;
			sourceTree = "<group>";
		};
		A3BAA6AE249E33200042403A /* Main */ = {
			isa = PBXGroup;
			children = (
				A3BAA6AF249E33490042403A /* MainTableCell.swift */,
				A3BAA6B1249E35930042403A /* MainTableCellEntity.swift */,
			);
			path = Main;
			sourceTree = "<group>";
		};
		A3C73055248C0809003F7220 /* Supporting Files */ = {
			isa = PBXGroup;
			children = (
				A39E121E245DEFB2005AA87C /* AppDelegate.swift */,
				A39E1227245DEFB6005AA87C /* Assets.xcassets */,
				A39E1229245DEFB6005AA87C /* LaunchScreen.storyboard */,
				A39E122C245DEFB6005AA87C /* Info.plist */,
			);
			name = "Supporting Files";
			sourceTree = "<group>";
		};
/* End PBXGroup section */

/* Begin PBXNativeTarget section */
		A30C91D12461FD5C00CCDF5E /* VAKitStoryboardExamplesTests */ = {
			isa = PBXNativeTarget;
			buildConfigurationList = A30C91DB2461FD5C00CCDF5E /* Build configuration list for PBXNativeTarget "VAKitStoryboardExamplesTests" */;
			buildPhases = (
				A30C91CE2461FD5C00CCDF5E /* Sources */,
				A30C91CF2461FD5C00CCDF5E /* Frameworks */,
				A30C91D02461FD5C00CCDF5E /* Resources */,
			);
			buildRules = (
			);
			dependencies = (
				A30C91D82461FD5C00CCDF5E /* PBXTargetDependency */,
			);
			name = VAKitStoryboardExamplesTests;
			productName = VAKitStoryboardExamplesTests;
			productReference = A30C91D22461FD5C00CCDF5E /* VAKitStoryboardExamplesTests.xctest */;
			productType = "com.apple.product-type.bundle.unit-test";
		};
		A39E121A245DEFB2005AA87C /* VAKitStoryboardExamples */ = {
			isa = PBXNativeTarget;
			buildConfigurationList = A39E122F245DEFB6005AA87C /* Build configuration list for PBXNativeTarget "VAKitStoryboardExamples" */;
			buildPhases = (
				A39E1217245DEFB2005AA87C /* Sources */,
				A39E1218245DEFB2005AA87C /* Frameworks */,
				A39E1219245DEFB2005AA87C /* Resources */,
			);
			buildRules = (
			);
			dependencies = (
			);
			name = VAKitStoryboardExamples;
			productName = VAKitStoryboardExamples;
			productReference = A39E121B245DEFB2005AA87C /* VAKitStoryboardExamples.app */;
			productType = "com.apple.product-type.application";
		};
/* End PBXNativeTarget section */

/* Begin PBXProject section */
		A39E1213245DEFB2005AA87C /* Project object */ = {
			isa = PBXProject;
			attributes = {
				LastSwiftUpdateCheck = 1140;
				LastUpgradeCheck = 1140;
				ORGANIZATIONNAME = VAndrJ;
				TargetAttributes = {
					A30C91D12461FD5C00CCDF5E = {
						CreatedOnToolsVersion = 11.4;
						LastSwiftMigration = 1140;
						TestTargetID = A39E121A245DEFB2005AA87C;
					};
					A39E121A245DEFB2005AA87C = {
						CreatedOnToolsVersion = 11.4;
					};
				};
			};
			buildConfigurationList = A39E1216245DEFB2005AA87C /* Build configuration list for PBXProject "VAKitStoryboardExamples" */;
			compatibilityVersion = "Xcode 9.3";
			developmentRegion = en;
			hasScannedForEncodings = 0;
			knownRegions = (
				en,
				Base,
			);
			mainGroup = A39E1212245DEFB2005AA87C;
			productRefGroup = A39E121C245DEFB2005AA87C /* Products */;
			projectDirPath = "";
			projectRoot = "";
			targets = (
				A39E121A245DEFB2005AA87C /* VAKitStoryboardExamples */,
				A30C91D12461FD5C00CCDF5E /* VAKitStoryboardExamplesTests */,
			);
		};
/* End PBXProject section */

/* Begin PBXResourcesBuildPhase section */
		A30C91D02461FD5C00CCDF5E /* Resources */ = {
			isa = PBXResourcesBuildPhase;
			buildActionMask = 2147483647;
			files = (
			);
			runOnlyForDeploymentPostprocessing = 0;
		};
		A39E1219245DEFB2005AA87C /* Resources */ = {
			isa = PBXResourcesBuildPhase;
			buildActionMask = 2147483647;
			files = (
				A39E122B245DEFB6005AA87C /* LaunchScreen.storyboard in Resources */,
				A39E1228245DEFB6005AA87C /* Assets.xcassets in Resources */,
			);
			runOnlyForDeploymentPostprocessing = 0;
		};
/* End PBXResourcesBuildPhase section */

/* Begin PBXSourcesBuildPhase section */
		A30C91CE2461FD5C00CCDF5E /* Sources */ = {
			isa = PBXSourcesBuildPhase;
			buildActionMask = 2147483647;
			files = (
				A37AC341248EC54E0080E6B0 /* Configurable.swift in Sources */,
				A37AC342248EC54E0080E6B0 /* VAIdentifiable.swift in Sources */,
				A37AC345248EC57E0080E6B0 /* VAKitVAIdentifiableTests.swift in Sources */,
				A37AC343248EC54E0080E6B0 /* TableCellConfigurable.swift in Sources */,
				A3F766622473100400F54775 /* UIView+Layout.swift in Sources */,
				A3F5368124744DE1006258D0 /* VAKitLayoutVADeviceTests.swift in Sources */,
				A37AC340248EC5330080E6B0 /* VAKitConfigurableTests.swift in Sources */,
				A321E2A724700BFD00173F6E /* VAKitLayoutDeviceIdentifierTests.swift in Sources */,
				A3B201E5246489600083EFE1 /* VAKitLayoutSizeConstraintsTests.swift in Sources */,
				A346312A2479332F00B8902F /* VAKitLayoutSuperConstraintsTests.swift in Sources */,
				A30C91DD2461FE0700CCDF5E /* VAKitLayoutSubviewsAddTests.swift in Sources */,
				A346312C247933E500B8902F /* VAKitLayoutTestsSupport.swift in Sources */,
			);
			runOnlyForDeploymentPostprocessing = 0;
		};
		A39E1217245DEFB2005AA87C /* Sources */ = {
			isa = PBXSourcesBuildPhase;
			buildActionMask = 2147483647;
			files = (
				A34DB93D24940C11009D342C /* IPhoneAnySizeDifferentPortraitLandscapeSize.swift in Sources */,
				A34DB93F2494D530009D342C /* VAView.swift in Sources */,
				A37AC349248ECC1C0080E6B0 /* UITableView+Dequeue.swift in Sources */,
				A37AC347248EC95F0080E6B0 /* TableSourceDelegate.swift in Sources */,
				A38A1429248D540000E0D6C2 /* Configurable.swift in Sources */,
				A30732A9249FB69400D5BAA5 /* MainView.swift in Sources */,
				A3C73057248C0971003F7220 /* RootCoordinator.swift in Sources */,
				A373E9B1249D34F9002502EF /* Coordinator.swift in Sources */,
				A3BAA6AB249E31B30042403A /* MainViewController.swift in Sources */,
				A33E49EA2492C74E00E73CAB /* VAViewController.swift in Sources */,
				A3BAA6B2249E35930042403A /* MainTableCellEntity.swift in Sources */,
				A30732A7249FB65D00D5BAA5 /* MainContract.swift in Sources */,
				A31BD37F24995A1E003A1743 /* VAConstraintable.swift in Sources */,
				A38A142C248D554500E0D6C2 /* VAIdentifiable.swift in Sources */,
				A3BAA6B0249E33490042403A /* MainTableCell.swift in Sources */,
				A3F7666024730F6300F54775 /* UIView+Layout.swift in Sources */,
				A3BAA6AD249E32BB0042403A /* String.swift in Sources */,
				A38A142E248D561200E0D6C2 /* TableCellConfigurable.swift in Sources */,
				A39E121F245DEFB2005AA87C /* AppDelegate.swift in Sources */,
			);
			runOnlyForDeploymentPostprocessing = 0;
		};
/* End PBXSourcesBuildPhase section */

/* Begin PBXTargetDependency section */
		A30C91D82461FD5C00CCDF5E /* PBXTargetDependency */ = {
			isa = PBXTargetDependency;
			target = A39E121A245DEFB2005AA87C /* VAKitStoryboardExamples */;
			targetProxy = A30C91D72461FD5C00CCDF5E /* PBXContainerItemProxy */;
		};
/* End PBXTargetDependency section */

/* Begin PBXVariantGroup section */
		A39E1229245DEFB6005AA87C /* LaunchScreen.storyboard */ = {
			isa = PBXVariantGroup;
			children = (
				A39E122A245DEFB6005AA87C /* Base */,
			);
			name = LaunchScreen.storyboard;
			sourceTree = "<group>";
		};
/* End PBXVariantGroup section */

/* Begin XCBuildConfiguration section */
		A30C91D92461FD5C00CCDF5E /* Debug */ = {
			isa = XCBuildConfiguration;
			buildSettings = {
				BUNDLE_LOADER = "$(TEST_HOST)";
				CLANG_ENABLE_MODULES = YES;
				CODE_SIGN_STYLE = Automatic;
				INFOPLIST_FILE = VAKitStoryboardExamplesTests/Info.plist;
				LD_RUNPATH_SEARCH_PATHS = (
					"$(inherited)",
					"@executable_path/Frameworks",
					"@loader_path/Frameworks",
				);
				OTHER_SWIFT_FLAGS = "-Xfrontend -warn-long-expression-type-checking=100";
				PRODUCT_BUNDLE_IDENTIFIER = com.vandrj.VAKitStoryboardExamplesTests;
				PRODUCT_NAME = "$(TARGET_NAME)";
				SWIFT_OPTIMIZATION_LEVEL = "-Onone";
				SWIFT_VERSION = 5.0;
				TARGETED_DEVICE_FAMILY = "1,2";
				TEST_HOST = "$(BUILT_PRODUCTS_DIR)/VAKitStoryboardExamples.app/VAKitStoryboardExamples";
			};
			name = Debug;
		};
		A30C91DA2461FD5C00CCDF5E /* Release */ = {
			isa = XCBuildConfiguration;
			buildSettings = {
				BUNDLE_LOADER = "$(TEST_HOST)";
				CLANG_ENABLE_MODULES = YES;
				CODE_SIGN_STYLE = Automatic;
				INFOPLIST_FILE = VAKitStoryboardExamplesTests/Info.plist;
				LD_RUNPATH_SEARCH_PATHS = (
					"$(inherited)",
					"@executable_path/Frameworks",
					"@loader_path/Frameworks",
				);
				OTHER_SWIFT_FLAGS = "-Xfrontend -warn-long-expression-type-checking=100";
				PRODUCT_BUNDLE_IDENTIFIER = com.vandrj.VAKitStoryboardExamplesTests;
				PRODUCT_NAME = "$(TARGET_NAME)";
				SWIFT_VERSION = 5.0;
				TARGETED_DEVICE_FAMILY = "1,2";
				TEST_HOST = "$(BUILT_PRODUCTS_DIR)/VAKitStoryboardExamples.app/VAKitStoryboardExamples";
			};
			name = Release;
		};
		A39E122D245DEFB6005AA87C /* Debug */ = {
			isa = XCBuildConfiguration;
			buildSettings = {
				ALWAYS_SEARCH_USER_PATHS = NO;
				CLANG_ANALYZER_NONNULL = YES;
				CLANG_ANALYZER_NUMBER_OBJECT_CONVERSION = YES_AGGRESSIVE;
				CLANG_CXX_LANGUAGE_STANDARD = "gnu++14";
				CLANG_CXX_LIBRARY = "libc++";
				CLANG_ENABLE_MODULES = YES;
				CLANG_ENABLE_OBJC_ARC = YES;
				CLANG_ENABLE_OBJC_WEAK = YES;
				CLANG_WARN_BLOCK_CAPTURE_AUTORELEASING = YES;
				CLANG_WARN_BOOL_CONVERSION = YES;
				CLANG_WARN_COMMA = YES;
				CLANG_WARN_CONSTANT_CONVERSION = YES;
				CLANG_WARN_DEPRECATED_OBJC_IMPLEMENTATIONS = YES;
				CLANG_WARN_DIRECT_OBJC_ISA_USAGE = YES_ERROR;
				CLANG_WARN_DOCUMENTATION_COMMENTS = YES;
				CLANG_WARN_EMPTY_BODY = YES;
				CLANG_WARN_ENUM_CONVERSION = YES;
				CLANG_WARN_INFINITE_RECURSION = YES;
				CLANG_WARN_INT_CONVERSION = YES;
				CLANG_WARN_NON_LITERAL_NULL_CONVERSION = YES;
				CLANG_WARN_OBJC_IMPLICIT_RETAIN_SELF = YES;
				CLANG_WARN_OBJC_LITERAL_CONVERSION = YES;
				CLANG_WARN_OBJC_ROOT_CLASS = YES_ERROR;
				CLANG_WARN_RANGE_LOOP_ANALYSIS = YES;
				CLANG_WARN_STRICT_PROTOTYPES = YES;
				CLANG_WARN_SUSPICIOUS_MOVE = YES;
				CLANG_WARN_UNGUARDED_AVAILABILITY = YES_AGGRESSIVE;
				CLANG_WARN_UNREACHABLE_CODE = YES;
				CLANG_WARN__DUPLICATE_METHOD_MATCH = YES;
				COPY_PHASE_STRIP = NO;
				DEBUG_INFORMATION_FORMAT = dwarf;
				ENABLE_STRICT_OBJC_MSGSEND = YES;
				ENABLE_TESTABILITY = YES;
				GCC_C_LANGUAGE_STANDARD = gnu11;
				GCC_DYNAMIC_NO_PIC = NO;
				GCC_NO_COMMON_BLOCKS = YES;
				GCC_OPTIMIZATION_LEVEL = 0;
				GCC_PREPROCESSOR_DEFINITIONS = (
					"DEBUG=1",
					"$(inherited)",
				);
				GCC_WARN_64_TO_32_BIT_CONVERSION = YES;
				GCC_WARN_ABOUT_RETURN_TYPE = YES_ERROR;
				GCC_WARN_UNDECLARED_SELECTOR = YES;
				GCC_WARN_UNINITIALIZED_AUTOS = YES_AGGRESSIVE;
				GCC_WARN_UNUSED_FUNCTION = YES;
				GCC_WARN_UNUSED_VARIABLE = YES;
				IPHONEOS_DEPLOYMENT_TARGET = 13.0;
				MTL_ENABLE_DEBUG_INFO = INCLUDE_SOURCE;
				MTL_FAST_MATH = YES;
				ONLY_ACTIVE_ARCH = YES;
				SDKROOT = iphoneos;
				SWIFT_ACTIVE_COMPILATION_CONDITIONS = DEBUG;
				SWIFT_OPTIMIZATION_LEVEL = "-Onone";
			};
			name = Debug;
		};
		A39E122E245DEFB6005AA87C /* Release */ = {
			isa = XCBuildConfiguration;
			buildSettings = {
				ALWAYS_SEARCH_USER_PATHS = NO;
				CLANG_ANALYZER_NONNULL = YES;
				CLANG_ANALYZER_NUMBER_OBJECT_CONVERSION = YES_AGGRESSIVE;
				CLANG_CXX_LANGUAGE_STANDARD = "gnu++14";
				CLANG_CXX_LIBRARY = "libc++";
				CLANG_ENABLE_MODULES = YES;
				CLANG_ENABLE_OBJC_ARC = YES;
				CLANG_ENABLE_OBJC_WEAK = YES;
				CLANG_WARN_BLOCK_CAPTURE_AUTORELEASING = YES;
				CLANG_WARN_BOOL_CONVERSION = YES;
				CLANG_WARN_COMMA = YES;
				CLANG_WARN_CONSTANT_CONVERSION = YES;
				CLANG_WARN_DEPRECATED_OBJC_IMPLEMENTATIONS = YES;
				CLANG_WARN_DIRECT_OBJC_ISA_USAGE = YES_ERROR;
				CLANG_WARN_DOCUMENTATION_COMMENTS = YES;
				CLANG_WARN_EMPTY_BODY = YES;
				CLANG_WARN_ENUM_CONVERSION = YES;
				CLANG_WARN_INFINITE_RECURSION = YES;
				CLANG_WARN_INT_CONVERSION = YES;
				CLANG_WARN_NON_LITERAL_NULL_CONVERSION = YES;
				CLANG_WARN_OBJC_IMPLICIT_RETAIN_SELF = YES;
				CLANG_WARN_OBJC_LITERAL_CONVERSION = YES;
				CLANG_WARN_OBJC_ROOT_CLASS = YES_ERROR;
				CLANG_WARN_RANGE_LOOP_ANALYSIS = YES;
				CLANG_WARN_STRICT_PROTOTYPES = YES;
				CLANG_WARN_SUSPICIOUS_MOVE = YES;
				CLANG_WARN_UNGUARDED_AVAILABILITY = YES_AGGRESSIVE;
				CLANG_WARN_UNREACHABLE_CODE = YES;
				CLANG_WARN__DUPLICATE_METHOD_MATCH = YES;
				COPY_PHASE_STRIP = NO;
				DEBUG_INFORMATION_FORMAT = "dwarf-with-dsym";
				ENABLE_NS_ASSERTIONS = NO;
				ENABLE_STRICT_OBJC_MSGSEND = YES;
				GCC_C_LANGUAGE_STANDARD = gnu11;
				GCC_NO_COMMON_BLOCKS = YES;
				GCC_WARN_64_TO_32_BIT_CONVERSION = YES;
				GCC_WARN_ABOUT_RETURN_TYPE = YES_ERROR;
				GCC_WARN_UNDECLARED_SELECTOR = YES;
				GCC_WARN_UNINITIALIZED_AUTOS = YES_AGGRESSIVE;
				GCC_WARN_UNUSED_FUNCTION = YES;
				GCC_WARN_UNUSED_VARIABLE = YES;
				IPHONEOS_DEPLOYMENT_TARGET = 13.0;
				MTL_ENABLE_DEBUG_INFO = NO;
				MTL_FAST_MATH = YES;
				SDKROOT = iphoneos;
				SWIFT_COMPILATION_MODE = wholemodule;
				SWIFT_OPTIMIZATION_LEVEL = "-O";
				VALIDATE_PRODUCT = YES;
			};
			name = Release;
		};
		A39E1230245DEFB6005AA87C /* Debug */ = {
			isa = XCBuildConfiguration;
			buildSettings = {
				ASSETCATALOG_COMPILER_APPICON_NAME = AppIcon;
				CODE_SIGN_STYLE = Automatic;
				INFOPLIST_FILE = VAKitStoryboardExamples/Info.plist;
				IPHONEOS_DEPLOYMENT_TARGET = 13.0;
				LD_RUNPATH_SEARCH_PATHS = (
					"$(inherited)",
					"@executable_path/Frameworks",
				);
				PRODUCT_BUNDLE_IDENTIFIER = com.vandrj.VAKitStoryboardExamples;
				PRODUCT_NAME = "$(TARGET_NAME)";
				SWIFT_VERSION = 5.0;
				TARGETED_DEVICE_FAMILY = "1,2";
			};
			name = Debug;
		};
		A39E1231245DEFB6005AA87C /* Release */ = {
			isa = XCBuildConfiguration;
			buildSettings = {
				ASSETCATALOG_COMPILER_APPICON_NAME = AppIcon;
				CODE_SIGN_STYLE = Automatic;
				INFOPLIST_FILE = VAKitStoryboardExamples/Info.plist;
				IPHONEOS_DEPLOYMENT_TARGET = 13.0;
				LD_RUNPATH_SEARCH_PATHS = (
					"$(inherited)",
					"@executable_path/Frameworks",
				);
				PRODUCT_BUNDLE_IDENTIFIER = com.vandrj.VAKitStoryboardExamples;
				PRODUCT_NAME = "$(TARGET_NAME)";
				SWIFT_VERSION = 5.0;
				TARGETED_DEVICE_FAMILY = "1,2";
			};
			name = Release;
		};
/* End XCBuildConfiguration section */

/* Begin XCConfigurationList section */
		A30C91DB2461FD5C00CCDF5E /* Build configuration list for PBXNativeTarget "VAKitStoryboardExamplesTests" */ = {
			isa = XCConfigurationList;
			buildConfigurations = (
				A30C91D92461FD5C00CCDF5E /* Debug */,
				A30C91DA2461FD5C00CCDF5E /* Release */,
			);
			defaultConfigurationIsVisible = 0;
			defaultConfigurationName = Release;
		};
		A39E1216245DEFB2005AA87C /* Build configuration list for PBXProject "VAKitStoryboardExamples" */ = {
			isa = XCConfigurationList;
			buildConfigurations = (
				A39E122D245DEFB6005AA87C /* Debug */,
				A39E122E245DEFB6005AA87C /* Release */,
			);
			defaultConfigurationIsVisible = 0;
			defaultConfigurationName = Release;
		};
		A39E122F245DEFB6005AA87C /* Build configuration list for PBXNativeTarget "VAKitStoryboardExamples" */ = {
			isa = XCConfigurationList;
			buildConfigurations = (
				A39E1230245DEFB6005AA87C /* Debug */,
				A39E1231245DEFB6005AA87C /* Release */,
			);
			defaultConfigurationIsVisible = 0;
			defaultConfigurationName = Release;
		};
/* End XCConfigurationList section */
	};
	rootObject = A39E1213245DEFB2005AA87C /* Project object */;
}
