// !$*UTF8*$!
{
	archiveVersion = 1;
	classes = {
	};
	objectVersion = 50;
	objects = {

/* Begin PBXBuildFile section */
		A332EA8E2460ACF700C22AEE /* UIView+Layout.swift in Sources */ = {isa = PBXBuildFile; fileRef = A332EA8D2460ACF700C22AEE /* UIView+Layout.swift */; };
		A39E121F245DEFB2005AA87C /* AppDelegate.swift in Sources */ = {isa = PBXBuildFile; fileRef = A39E121E245DEFB2005AA87C /* AppDelegate.swift */; };
		A39E1221245DEFB2005AA87C /* SceneDelegate.swift in Sources */ = {isa = PBXBuildFile; fileRef = A39E1220245DEFB2005AA87C /* SceneDelegate.swift */; };
		A39E1223245DEFB2005AA87C /* ViewController.swift in Sources */ = {isa = PBXBuildFile; fileRef = A39E1222245DEFB2005AA87C /* ViewController.swift */; };
		A39E1226245DEFB2005AA87C /* Main.storyboard in Resources */ = {isa = PBXBuildFile; fileRef = A39E1224245DEFB2005AA87C /* Main.storyboard */; };
		A39E1228245DEFB6005AA87C /* Assets.xcassets in Resources */ = {isa = PBXBuildFile; fileRef = A39E1227245DEFB6005AA87C /* Assets.xcassets */; };
		A39E122B245DEFB6005AA87C /* LaunchScreen.storyboard in Resources */ = {isa = PBXBuildFile; fileRef = A39E1229245DEFB6005AA87C /* LaunchScreen.storyboard */; };
/* End PBXBuildFile section */

/* Begin PBXFileReference section */
		A332EA8D2460ACF700C22AEE /* UIView+Layout.swift */ = {isa = PBXFileReference; fileEncoding = 4; lastKnownFileType = sourcecode.swift; name = "UIView+Layout.swift"; path = "../../UI/UIView+Layout.swift"; sourceTree = "<group>"; };
		A39E121B245DEFB2005AA87C /* VAKitStoryboardExamples.app */ = {isa = PBXFileReference; explicitFileType = wrapper.application; includeInIndex = 0; path = VAKitStoryboardExamples.app; sourceTree = BUILT_PRODUCTS_DIR; };
		A39E121E245DEFB2005AA87C /* AppDelegate.swift */ = {isa = PBXFileReference; lastKnownFileType = sourcecode.swift; path = AppDelegate.swift; sourceTree = "<group>"; };
		A39E1220245DEFB2005AA87C /* SceneDelegate.swift */ = {isa = PBXFileReference; lastKnownFileType = sourcecode.swift; path = SceneDelegate.swift; sourceTree = "<group>"; };
		A39E1222245DEFB2005AA87C /* ViewController.swift */ = {isa = PBXFileReference; lastKnownFileType = sourcecode.swift; path = ViewController.swift; sourceTree = "<group>"; };
		A39E1225245DEFB2005AA87C /* Base */ = {isa = PBXFileReference; lastKnownFileType = file.storyboard; name = Base; path = Base.lproj/Main.storyboard; sourceTree = "<group>"; };
		A39E1227245DEFB6005AA87C /* Assets.xcassets */ = {isa = PBXFileReference; lastKnownFileType = folder.assetcatalog; path = Assets.xcassets; sourceTree = "<group>"; };
		A39E122A245DEFB6005AA87C /* Base */ = {isa = PBXFileReference; lastKnownFileType = file.storyboard; name = Base; path = Base.lproj/LaunchScreen.storyboard; sourceTree = "<group>"; };
		A39E122C245DEFB6005AA87C /* Info.plist */ = {isa = PBXFileReference; lastKnownFileType = text.plist.xml; path = Info.plist; sourceTree = "<group>"; };
/* End PBXFileReference section */

/* Begin PBXFrameworksBuildPhase section */
		A39E1218245DEFB2005AA87C /* Frameworks */ = {
			isa = PBXFrameworksBuildPhase;
			buildActionMask = 2147483647;
			files = (
			);
			runOnlyForDeploymentPostprocessing = 0;
		};
/* End PBXFrameworksBuildPhase section */

/* Begin PBXGroup section */
		A332EA8C2460ACDF00C22AEE /* VAKit */ = {
			isa = PBXGroup;
			children = (
				A332EA8F2460AD0A00C22AEE /* UI */,
			);
			name = VAKit;
			sourceTree = "<group>";
		};
		A332EA8F2460AD0A00C22AEE /* UI */ = {
			isa = PBXGroup;
			children = (
				A332EA8D2460ACF700C22AEE /* UIView+Layout.swift */,
			);
			name = UI;
			sourceTree = "<group>";
		};
		A39E1212245DEFB2005AA87C = {
			isa = PBXGroup;
			children = (
				A39E121D245DEFB2005AA87C /* VAKitStoryboardExamples */,
				A39E121C245DEFB2005AA87C /* Products */,
			);
			sourceTree = "<group>";
		};
		A39E121C245DEFB2005AA87C /* Products */ = {
			isa = PBXGroup;
			children = (
				A39E121B245DEFB2005AA87C /* VAKitStoryboardExamples.app */,
			);
			name = Products;
			sourceTree = "<group>";
		};
		A39E121D245DEFB2005AA87C /* VAKitStoryboardExamples */ = {
			isa = PBXGroup;
			children = (
				A332EA8C2460ACDF00C22AEE /* VAKit */,
				A39E121E245DEFB2005AA87C /* AppDelegate.swift */,
				A39E1220245DEFB2005AA87C /* SceneDelegate.swift */,
				A39E1222245DEFB2005AA87C /* ViewController.swift */,
				A39E1224245DEFB2005AA87C /* Main.storyboard */,
				A39E1227245DEFB6005AA87C /* Assets.xcassets */,
				A39E1229245DEFB6005AA87C /* LaunchScreen.storyboard */,
				A39E122C245DEFB6005AA87C /* Info.plist */,
			);
			path = VAKitStoryboardExamples;
			sourceTree = "<group>";
		};
/* End PBXGroup section */

/* Begin PBXNativeTarget section */
		A39E121A245DEFB2005AA87C /* VAKitStoryboardExamples */ = {
			isa = PBXNativeTarget;
			buildConfigurationList = A39E122F245DEFB6005AA87C /* Build configuration list for PBXNativeTarget "VAKitStoryboardExamples" */;
			buildPhases = (
				A39E1217245DEFB2005AA87C /* Sources */,
				A39E1218245DEFB2005AA87C /* Frameworks */,
				A39E1219245DEFB2005AA87C /* Resources */,
			);
			buildRules = (
			);
			dependencies = (
			);
			name = VAKitStoryboardExamples;
			productName = VAKitStoryboardExamples;
			productReference = A39E121B245DEFB2005AA87C /* VAKitStoryboardExamples.app */;
			productType = "com.apple.product-type.application";
		};
/* End PBXNativeTarget section */

/* Begin PBXProject section */
		A39E1213245DEFB2005AA87C /* Project object */ = {
			isa = PBXProject;
			attributes = {
				LastSwiftUpdateCheck = 1140;
				LastUpgradeCheck = 1140;
				ORGANIZATIONNAME = VAndrJ;
				TargetAttributes = {
					A39E121A245DEFB2005AA87C = {
						CreatedOnToolsVersion = 11.4;
					};
				};
			};
			buildConfigurationList = A39E1216245DEFB2005AA87C /* Build configuration list for PBXProject "VAKitStoryboardExamples" */;
			compatibilityVersion = "Xcode 9.3";
			developmentRegion = en;
			hasScannedForEncodings = 0;
			knownRegions = (
				en,
				Base,
			);
			mainGroup = A39E1212245DEFB2005AA87C;
			productRefGroup = A39E121C245DEFB2005AA87C /* Products */;
			projectDirPath = "";
			projectRoot = "";
			targets = (
				A39E121A245DEFB2005AA87C /* VAKitStoryboardExamples */,
			);
		};
/* End PBXProject section */

/* Begin PBXResourcesBuildPhase section */
		A39E1219245DEFB2005AA87C /* Resources */ = {
			isa = PBXResourcesBuildPhase;
			buildActionMask = 2147483647;
			files = (
				A39E122B245DEFB6005AA87C /* LaunchScreen.storyboard in Resources */,
				A39E1228245DEFB6005AA87C /* Assets.xcassets in Resources */,
				A39E1226245DEFB2005AA87C /* Main.storyboard in Resources */,
			);
			runOnlyForDeploymentPostprocessing = 0;
		};
/* End PBXResourcesBuildPhase section */

/* Begin PBXSourcesBuildPhase section */
		A39E1217245DEFB2005AA87C /* Sources */ = {
			isa = PBXSourcesBuildPhase;
			buildActionMask = 2147483647;
			files = (
				A332EA8E2460ACF700C22AEE /* UIView+Layout.swift in Sources */,
				A39E1223245DEFB2005AA87C /* ViewController.swift in Sources */,
				A39E121F245DEFB2005AA87C /* AppDelegate.swift in Sources */,
				A39E1221245DEFB2005AA87C /* SceneDelegate.swift in Sources */,
			);
			runOnlyForDeploymentPostprocessing = 0;
		};
/* End PBXSourcesBuildPhase section */

/* Begin PBXVariantGroup section */
		A39E1224245DEFB2005AA87C /* Main.storyboard */ = {
			isa = PBXVariantGroup;
			children = (
				A39E1225245DEFB2005AA87C /* Base */,
			);
			name = Main.storyboard;
			sourceTree = "<group>";
		};
		A39E1229245DEFB6005AA87C /* LaunchScreen.storyboard */ = {
			isa = PBXVariantGroup;
			children = (
				A39E122A245DEFB6005AA87C /* Base */,
			);
			name = LaunchScreen.storyboard;
			sourceTree = "<group>";
		};
/* End PBXVariantGroup section */

/* Begin XCBuildConfiguration section */
		A39E122D245DEFB6005AA87C /* Debug */ = {
			isa = XCBuildConfiguration;
			buildSettings = {
				ALWAYS_SEARCH_USER_PATHS = NO;
				CLANG_ANALYZER_NONNULL = YES;
				CLANG_ANALYZER_NUMBER_OBJECT_CONVERSION = YES_AGGRESSIVE;
				CLANG_CXX_LANGUAGE_STANDARD = "gnu++14";
				CLANG_CXX_LIBRARY = "libc++";
				CLANG_ENABLE_MODULES = YES;
				CLANG_ENABLE_OBJC_ARC = YES;
				CLANG_ENABLE_OBJC_WEAK = YES;
				CLANG_WARN_BLOCK_CAPTURE_AUTORELEASING = YES;
				CLANG_WARN_BOOL_CONVERSION = YES;
				CLANG_WARN_COMMA = YES;
				CLANG_WARN_CONSTANT_CONVERSION = YES;
				CLANG_WARN_DEPRECATED_OBJC_IMPLEMENTATIONS = YES;
				CLANG_WARN_DIRECT_OBJC_ISA_USAGE = YES_ERROR;
				CLANG_WARN_DOCUMENTATION_COMMENTS = YES;
				CLANG_WARN_EMPTY_BODY = YES;
				CLANG_WARN_ENUM_CONVERSION = YES;
				CLANG_WARN_INFINITE_RECURSION = YES;
				CLANG_WARN_INT_CONVERSION = YES;
				CLANG_WARN_NON_LITERAL_NULL_CONVERSION = YES;
				CLANG_WARN_OBJC_IMPLICIT_RETAIN_SELF = YES;
				CLANG_WARN_OBJC_LITERAL_CONVERSION = YES;
				CLANG_WARN_OBJC_ROOT_CLASS = YES_ERROR;
				CLANG_WARN_RANGE_LOOP_ANALYSIS = YES;
				CLANG_WARN_STRICT_PROTOTYPES = YES;
				CLANG_WARN_SUSPICIOUS_MOVE = YES;
				CLANG_WARN_UNGUARDED_AVAILABILITY = YES_AGGRESSIVE;
				CLANG_WARN_UNREACHABLE_CODE = YES;
				CLANG_WARN__DUPLICATE_METHOD_MATCH = YES;
				COPY_PHASE_STRIP = NO;
				DEBUG_INFORMATION_FORMAT = dwarf;
				ENABLE_STRICT_OBJC_MSGSEND = YES;
				ENABLE_TESTABILITY = YES;
				GCC_C_LANGUAGE_STANDARD = gnu11;
				GCC_DYNAMIC_NO_PIC = NO;
				GCC_NO_COMMON_BLOCKS = YES;
				GCC_OPTIMIZATION_LEVEL = 0;
				GCC_PREPROCESSOR_DEFINITIONS = (
					"DEBUG=1",
					"$(inherited)",
				);
				GCC_WARN_64_TO_32_BIT_CONVERSION = YES;
				GCC_WARN_ABOUT_RETURN_TYPE = YES_ERROR;
				GCC_WARN_UNDECLARED_SELECTOR = YES;
				GCC_WARN_UNINITIALIZED_AUTOS = YES_AGGRESSIVE;
				GCC_WARN_UNUSED_FUNCTION = YES;
				GCC_WARN_UNUSED_VARIABLE = YES;
				IPHONEOS_DEPLOYMENT_TARGET = 13.4;
				MTL_ENABLE_DEBUG_INFO = INCLUDE_SOURCE;
				MTL_FAST_MATH = YES;
				ONLY_ACTIVE_ARCH = YES;
				SDKROOT = iphoneos;
				SWIFT_ACTIVE_COMPILATION_CONDITIONS = DEBUG;
				SWIFT_OPTIMIZATION_LEVEL = "-Onone";
			};
			name = Debug;
		};
		A39E122E245DEFB6005AA87C /* Release */ = {
			isa = XCBuildConfiguration;
			buildSettings = {
				ALWAYS_SEARCH_USER_PATHS = NO;
				CLANG_ANALYZER_NONNULL = YES;
				CLANG_ANALYZER_NUMBER_OBJECT_CONVERSION = YES_AGGRESSIVE;
				CLANG_CXX_LANGUAGE_STANDARD = "gnu++14";
				CLANG_CXX_LIBRARY = "libc++";
				CLANG_ENABLE_MODULES = YES;
				CLANG_ENABLE_OBJC_ARC = YES;
				CLANG_ENABLE_OBJC_WEAK = YES;
				CLANG_WARN_BLOCK_CAPTURE_AUTORELEASING = YES;
				CLANG_WARN_BOOL_CONVERSION = YES;
				CLANG_WARN_COMMA = YES;
				CLANG_WARN_CONSTANT_CONVERSION = YES;
				CLANG_WARN_DEPRECATED_OBJC_IMPLEMENTATIONS = YES;
				CLANG_WARN_DIRECT_OBJC_ISA_USAGE = YES_ERROR;
				CLANG_WARN_DOCUMENTATION_COMMENTS = YES;
				CLANG_WARN_EMPTY_BODY = YES;
				CLANG_WARN_ENUM_CONVERSION = YES;
				CLANG_WARN_INFINITE_RECURSION = YES;
				CLANG_WARN_INT_CONVERSION = YES;
				CLANG_WARN_NON_LITERAL_NULL_CONVERSION = YES;
				CLANG_WARN_OBJC_IMPLICIT_RETAIN_SELF = YES;
				CLANG_WARN_OBJC_LITERAL_CONVERSION = YES;
				CLANG_WARN_OBJC_ROOT_CLASS = YES_ERROR;
				CLANG_WARN_RANGE_LOOP_ANALYSIS = YES;
				CLANG_WARN_STRICT_PROTOTYPES = YES;
				CLANG_WARN_SUSPICIOUS_MOVE = YES;
				CLANG_WARN_UNGUARDED_AVAILABILITY = YES_AGGRESSIVE;
				CLANG_WARN_UNREACHABLE_CODE = YES;
				CLANG_WARN__DUPLICATE_METHOD_MATCH = YES;
				COPY_PHASE_STRIP = NO;
				DEBUG_INFORMATION_FORMAT = "dwarf-with-dsym";
				ENABLE_NS_ASSERTIONS = NO;
				ENABLE_STRICT_OBJC_MSGSEND = YES;
				GCC_C_LANGUAGE_STANDARD = gnu11;
				GCC_NO_COMMON_BLOCKS = YES;
				GCC_WARN_64_TO_32_BIT_CONVERSION = YES;
				GCC_WARN_ABOUT_RETURN_TYPE = YES_ERROR;
				GCC_WARN_UNDECLARED_SELECTOR = YES;
				GCC_WARN_UNINITIALIZED_AUTOS = YES_AGGRESSIVE;
				GCC_WARN_UNUSED_FUNCTION = YES;
				GCC_WARN_UNUSED_VARIABLE = YES;
				IPHONEOS_DEPLOYMENT_TARGET = 13.4;
				MTL_ENABLE_DEBUG_INFO = NO;
				MTL_FAST_MATH = YES;
				SDKROOT = iphoneos;
				SWIFT_COMPILATION_MODE = wholemodule;
				SWIFT_OPTIMIZATION_LEVEL = "-O";
				VALIDATE_PRODUCT = YES;
			};
			name = Release;
		};
		A39E1230245DEFB6005AA87C /* Debug */ = {
			isa = XCBuildConfiguration;
			buildSettings = {
				ASSETCATALOG_COMPILER_APPICON_NAME = AppIcon;
				CODE_SIGN_STYLE = Automatic;
				INFOPLIST_FILE = VAKitStoryboardExamples/Info.plist;
				LD_RUNPATH_SEARCH_PATHS = (
					"$(inherited)",
					"@executable_path/Frameworks",
				);
				PRODUCT_BUNDLE_IDENTIFIER = com.vandrj.VAKitStoryboardExamples;
				PRODUCT_NAME = "$(TARGET_NAME)";
				SWIFT_VERSION = 5.0;
				TARGETED_DEVICE_FAMILY = "1,2";
			};
			name = Debug;
		};
		A39E1231245DEFB6005AA87C /* Release */ = {
			isa = XCBuildConfiguration;
			buildSettings = {
				ASSETCATALOG_COMPILER_APPICON_NAME = AppIcon;
				CODE_SIGN_STYLE = Automatic;
				INFOPLIST_FILE = VAKitStoryboardExamples/Info.plist;
				LD_RUNPATH_SEARCH_PATHS = (
					"$(inherited)",
					"@executable_path/Frameworks",
				);
				PRODUCT_BUNDLE_IDENTIFIER = com.vandrj.VAKitStoryboardExamples;
				PRODUCT_NAME = "$(TARGET_NAME)";
				SWIFT_VERSION = 5.0;
				TARGETED_DEVICE_FAMILY = "1,2";
			};
			name = Release;
		};
/* End XCBuildConfiguration section */

/* Begin XCConfigurationList section */
		A39E1216245DEFB2005AA87C /* Build configuration list for PBXProject "VAKitStoryboardExamples" */ = {
			isa = XCConfigurationList;
			buildConfigurations = (
				A39E122D245DEFB6005AA87C /* Debug */,
				A39E122E245DEFB6005AA87C /* Release */,
			);
			defaultConfigurationIsVisible = 0;
			defaultConfigurationName = Release;
		};
		A39E122F245DEFB6005AA87C /* Build configuration list for PBXNativeTarget "VAKitStoryboardExamples" */ = {
			isa = XCConfigurationList;
			buildConfigurations = (
				A39E1230245DEFB6005AA87C /* Debug */,
				A39E1231245DEFB6005AA87C /* Release */,
			);
			defaultConfigurationIsVisible = 0;
			defaultConfigurationName = Release;
		};
/* End XCConfigurationList section */
	};
	rootObject = A39E1213245DEFB2005AA87C /* Project object */;
}
